// !$*UTF8*$!
{
	archiveVersion = 1;
	classes = {
	};
	objectVersion = 46;
	objects = {

/* Begin PBXBuildFile section */
		642A2EC01AFAF2F10016C0B0 /* AppKit.framework in Frameworks */ = {isa = PBXBuildFile; fileRef = 642A2EBF1AFAF2F10016C0B0 /* AppKit.framework */; };
		642A2EC21AFAF2F10016C0B0 /* Foundation.framework in Frameworks */ = {isa = PBXBuildFile; fileRef = 642A2EC11AFAF2F10016C0B0 /* Foundation.framework */; };
		642A2EC71AFAF2F10016C0B0 /* MyFP.xcscheme in Resources */ = {isa = PBXBuildFile; fileRef = 642A2EC61AFAF2F10016C0B0 /* MyFP.xcscheme */; };
		642A2ECA1AFAF2F10016C0B0 /* MyFP.m in Sources */ = {isa = PBXBuildFile; fileRef = 642A2EC91AFAF2F10016C0B0 /* MyFP.m */; };
		642A2ED31AFB09690016C0B0 /* JTTKeyboardEventSender.m in Sources */ = {isa = PBXBuildFile; fileRef = 642A2ED21AFB09690016C0B0 /* JTTKeyboardEventSender.m */; };
		64E3EF6F1B01990E0068A5BF /* deletePlug@2x.png in Resources */ = {isa = PBXBuildFile; fileRef = 64E3EF6E1B01990E0068A5BF /* deletePlug@2x.png */; };
/* End PBXBuildFile section */

/* Begin PBXFileReference section */
		642A2EBC1AFAF2F10016C0B0 /* MyFP.xcplugin */ = {isa = PBXFileReference; explicitFileType = wrapper.cfbundle; includeInIndex = 0; path = MyFP.xcplugin; sourceTree = BUILT_PRODUCTS_DIR; };
		642A2EBF1AFAF2F10016C0B0 /* AppKit.framework */ = {isa = PBXFileReference; lastKnownFileType = wrapper.framework; name = AppKit.framework; path = /System/Library/Frameworks/AppKit.framework; sourceTree = "<absolute>"; };
		642A2EC11AFAF2F10016C0B0 /* Foundation.framework */ = {isa = PBXFileReference; lastKnownFileType = wrapper.framework; name = Foundation.framework; path = /System/Library/Frameworks/Foundation.framework; sourceTree = "<absolute>"; };
		642A2EC51AFAF2F10016C0B0 /* Info.plist */ = {isa = PBXFileReference; lastKnownFileType = text.plist.xml; path = Info.plist; sourceTree = "<group>"; };
		642A2EC61AFAF2F10016C0B0 /* MyFP.xcscheme */ = {isa = PBXFileReference; lastKnownFileType = text.xml; name = MyFP.xcscheme; path = MyFP.xcodeproj/xcshareddata/xcschemes/MyFP.xcscheme; sourceTree = SOURCE_ROOT; };
		642A2EC81AFAF2F10016C0B0 /* MyFP.h */ = {isa = PBXFileReference; lastKnownFileType = sourcecode.c.h; path = MyFP.h; sourceTree = "<group>"; };
		642A2EC91AFAF2F10016C0B0 /* MyFP.m */ = {isa = PBXFileReference; lastKnownFileType = sourcecode.c.objc; path = MyFP.m; sourceTree = "<group>"; };
		642A2ED11AFB09690016C0B0 /* JTTKeyboardEventSender.h */ = {isa = PBXFileReference; fileEncoding = 4; lastKnownFileType = sourcecode.c.h; path = JTTKeyboardEventSender.h; sourceTree = "<group>"; };
		642A2ED21AFB09690016C0B0 /* JTTKeyboardEventSender.m */ = {isa = PBXFileReference; fileEncoding = 4; lastKnownFileType = sourcecode.c.objc; path = JTTKeyboardEventSender.m; sourceTree = "<group>"; };
		64E3EF6E1B01990E0068A5BF /* deletePlug@2x.png */ = {isa = PBXFileReference; lastKnownFileType = image.png; path = "deletePlug@2x.png"; sourceTree = "<group>"; };
/* End PBXFileReference section */

/* Begin PBXFrameworksBuildPhase section */
		642A2EBA1AFAF2F10016C0B0 /* Frameworks */ = {
			isa = PBXFrameworksBuildPhase;
			buildActionMask = 2147483647;
			files = (
				642A2EC01AFAF2F10016C0B0 /* AppKit.framework in Frameworks */,
				642A2EC21AFAF2F10016C0B0 /* Foundation.framework in Frameworks */,
			);
			runOnlyForDeploymentPostprocessing = 0;
		};
/* End PBXFrameworksBuildPhase section */

/* Begin PBXGroup section */
		642A2EB31AFAF2F10016C0B0 = {
			isa = PBXGroup;
			children = (
				642A2EC31AFAF2F10016C0B0 /* MyFP */,
				642A2EBE1AFAF2F10016C0B0 /* Frameworks */,
				642A2EBD1AFAF2F10016C0B0 /* Products */,
			);
			sourceTree = "<group>";
		};
		642A2EBD1AFAF2F10016C0B0 /* Products */ = {
			isa = PBXGroup;
			children = (
				642A2EBC1AFAF2F10016C0B0 /* MyFP.xcplugin */,
			);
			name = Products;
			sourceTree = "<group>";
		};
		642A2EBE1AFAF2F10016C0B0 /* Frameworks */ = {
			isa = PBXGroup;
			children = (
				642A2EBF1AFAF2F10016C0B0 /* AppKit.framework */,
				642A2EC11AFAF2F10016C0B0 /* Foundation.framework */,
			);
			name = Frameworks;
			sourceTree = "<group>";
		};
		642A2EC31AFAF2F10016C0B0 /* MyFP */ = {
			isa = PBXGroup;
			children = (
				642A2EC81AFAF2F10016C0B0 /* MyFP.h */,
				642A2EC91AFAF2F10016C0B0 /* MyFP.m */,
				642A2ED01AFB09690016C0B0 /* JTTKeyboard */,
				642A2EC41AFAF2F10016C0B0 /* Supporting Files */,
			);
			path = MyFP;
			sourceTree = "<group>";
		};
		642A2EC41AFAF2F10016C0B0 /* Supporting Files */ = {
			isa = PBXGroup;
			children = (
				642A2EC51AFAF2F10016C0B0 /* Info.plist */,
				64E3EF6E1B01990E0068A5BF /* deletePlug@2x.png */,
				642A2EC61AFAF2F10016C0B0 /* MyFP.xcscheme */,
			);
			name = "Supporting Files";
			sourceTree = "<group>";
		};
		642A2ED01AFB09690016C0B0 /* JTTKeyboard */ = {
			isa = PBXGroup;
			children = (
				642A2ED11AFB09690016C0B0 /* JTTKeyboardEventSender.h */,
				642A2ED21AFB09690016C0B0 /* JTTKeyboardEventSender.m */,
			);
			path = JTTKeyboard;
			sourceTree = "<group>";
		};
/* End PBXGroup section */

/* Begin PBXNativeTarget section */
		642A2EBB1AFAF2F10016C0B0 /* MyFP */ = {
			isa = PBXNativeTarget;
			buildConfigurationList = 642A2ECD1AFAF2F10016C0B0 /* Build configuration list for PBXNativeTarget "MyFP" */;
			buildPhases = (
				642A2EB81AFAF2F10016C0B0 /* Sources */,
				642A2EB91AFAF2F10016C0B0 /* Resources */,
				642A2EBA1AFAF2F10016C0B0 /* Frameworks */,
			);
			buildRules = (
			);
			dependencies = (
			);
			name = MyFP;
			productName = MyFP;
			productReference = 642A2EBC1AFAF2F10016C0B0 /* MyFP.xcplugin */;
			productType = "com.apple.product-type.bundle";
		};
/* End PBXNativeTarget section */

/* Begin PBXProject section */
		642A2EB41AFAF2F10016C0B0 /* Project object */ = {
			isa = PBXProject;
			attributes = {
				LastUpgradeCheck = 0630;
				ORGANIZATIONNAME = "刘建扬";
				TargetAttributes = {
					642A2EBB1AFAF2F10016C0B0 = {
						CreatedOnToolsVersion = 6.3;
					};
				};
			};
			buildConfigurationList = 642A2EB71AFAF2F10016C0B0 /* Build configuration list for PBXProject "MyFP" */;
			compatibilityVersion = "Xcode 3.2";
			developmentRegion = English;
			hasScannedForEncodings = 0;
			knownRegions = (
				en,
			);
			mainGroup = 642A2EB31AFAF2F10016C0B0;
			productRefGroup = 642A2EBD1AFAF2F10016C0B0 /* Products */;
			projectDirPath = "";
			projectRoot = "";
			targets = (
				642A2EBB1AFAF2F10016C0B0 /* MyFP */,
			);
		};
/* End PBXProject section */

/* Begin PBXResourcesBuildPhase section */
		642A2EB91AFAF2F10016C0B0 /* Resources */ = {
			isa = PBXResourcesBuildPhase;
			buildActionMask = 2147483647;
			files = (
				64E3EF6F1B01990E0068A5BF /* deletePlug@2x.png in Resources */,
				642A2EC71AFAF2F10016C0B0 /* MyFP.xcscheme in Resources */,
			);
			runOnlyForDeploymentPostprocessing = 0;
		};
/* End PBXResourcesBuildPhase section */

/* Begin PBXSourcesBuildPhase section */
		642A2EB81AFAF2F10016C0B0 /* Sources */ = {
			isa = PBXSourcesBuildPhase;
			buildActionMask = 2147483647;
			files = (
				642A2ECA1AFAF2F10016C0B0 /* MyFP.m in Sources */,
				642A2ED31AFB09690016C0B0 /* JTTKeyboardEventSender.m in Sources */,
			);
			runOnlyForDeploymentPostprocessing = 0;
		};
/* End PBXSourcesBuildPhase section */

/* Begin XCBuildConfiguration section */
		642A2ECB1AFAF2F10016C0B0 /* Debug */ = {
			isa = XCBuildConfiguration;
			buildSettings = {
				ALWAYS_SEARCH_USER_PATHS = NO;
				CLANG_CXX_LANGUAGE_STANDARD = "gnu++0x";
				CLANG_CXX_LIBRARY = "libc++";
				CLANG_ENABLE_MODULES = YES;
				CLANG_ENABLE_OBJC_ARC = YES;
				CLANG_WARN_BOOL_CONVERSION = YES;
				CLANG_WARN_CONSTANT_CONVERSION = YES;
				CLANG_WARN_DIRECT_OBJC_ISA_USAGE = YES_ERROR;
				CLANG_WARN_EMPTY_BODY = YES;
				CLANG_WARN_ENUM_CONVERSION = YES;
				CLANG_WARN_INT_CONVERSION = YES;
				CLANG_WARN_OBJC_ROOT_CLASS = YES_ERROR;
				CLANG_WARN_UNREACHABLE_CODE = YES;
				CLANG_WARN__DUPLICATE_METHOD_MATCH = YES;
				COPY_PHASE_STRIP = NO;
				ENABLE_STRICT_OBJC_MSGSEND = YES;
				GCC_C_LANGUAGE_STANDARD = gnu99;
				GCC_DYNAMIC_NO_PIC = NO;
				GCC_NO_COMMON_BLOCKS = YES;
				GCC_OPTIMIZATION_LEVEL = 0;
				GCC_PREPROCESSOR_DEFINITIONS = (
					"DEBUG=1",
					"$(inherited)",
				);
				GCC_SYMBOLS_PRIVATE_EXTERN = NO;
				GCC_WARN_64_TO_32_BIT_CONVERSION = YES;
				GCC_WARN_ABOUT_RETURN_TYPE = YES_ERROR;
				GCC_WARN_UNDECLARED_SELECTOR = YES;
				GCC_WARN_UNINITIALIZED_AUTOS = YES_AGGRESSIVE;
				GCC_WARN_UNUSED_FUNCTION = YES;
				GCC_WARN_UNUSED_VARIABLE = YES;
				MTL_ENABLE_DEBUG_INFO = YES;
				ONLY_ACTIVE_ARCH = YES;
			};
			name = Debug;
		};
		642A2ECC1AFAF2F10016C0B0 /* Release */ = {
			isa = XCBuildConfiguration;
			buildSettings = {
				ALWAYS_SEARCH_USER_PATHS = NO;
				CLANG_CXX_LANGUAGE_STANDARD = "gnu++0x";
				CLANG_CXX_LIBRARY = "libc++";
				CLANG_ENABLE_MODULES = YES;
				CLANG_ENABLE_OBJC_ARC = YES;
				CLANG_WARN_BOOL_CONVERSION = YES;
				CLANG_WARN_CONSTANT_CONVERSION = YES;
				CLANG_WARN_DIRECT_OBJC_ISA_USAGE = YES_ERROR;
				CLANG_WARN_EMPTY_BODY = YES;
				CLANG_WARN_ENUM_CONVERSION = YES;
				CLANG_WARN_INT_CONVERSION = YES;
				CLANG_WARN_OBJC_ROOT_CLASS = YES_ERROR;
				CLANG_WARN_UNREACHABLE_CODE = YES;
				CLANG_WARN__DUPLICATE_METHOD_MATCH = YES;
				COPY_PHASE_STRIP = NO;
				ENABLE_NS_ASSERTIONS = NO;
				ENABLE_STRICT_OBJC_MSGSEND = YES;
				GCC_C_LANGUAGE_STANDARD = gnu99;
				GCC_NO_COMMON_BLOCKS = YES;
				GCC_WARN_64_TO_32_BIT_CONVERSION = YES;
				GCC_WARN_ABOUT_RETURN_TYPE = YES_ERROR;
				GCC_WARN_UNDECLARED_SELECTOR = YES;
				GCC_WARN_UNINITIALIZED_AUTOS = YES_AGGRESSIVE;
				GCC_WARN_UNUSED_FUNCTION = YES;
				GCC_WARN_UNUSED_VARIABLE = YES;
				MTL_ENABLE_DEBUG_INFO = NO;
			};
			name = Release;
		};
		642A2ECE1AFAF2F10016C0B0 /* Debug */ = {
			isa = XCBuildConfiguration;
			buildSettings = {
				COMBINE_HIDPI_IMAGES = YES;
				DEPLOYMENT_LOCATION = YES;
				DSTROOT = "$(HOME)";
				INFOPLIST_FILE = MyFP/Info.plist;
				INSTALL_PATH = "/Library/Application Support/Developer/Shared/Xcode/Plug-ins";
				MACOSX_DEPLOYMENT_TARGET = 10.10;
				PRODUCT_NAME = "$(TARGET_NAME)";
				WRAPPER_EXTENSION = xcplugin;
			};
			name = Debug;
		};
		642A2ECF1AFAF2F10016C0B0 /* Release */ = {
			isa = XCBuildConfiguration;
			buildSettings = {
				COMBINE_HIDPI_IMAGES = YES;
				DEPLOYMENT_LOCATION = YES;
				DSTROOT = "$(HOME)";
				INFOPLIST_FILE = MyFP/Info.plist;
				INSTALL_PATH = "/Library/Application Support/Developer/Shared/Xcode/Plug-ins";
				MACOSX_DEPLOYMENT_TARGET = 10.10;
				PRODUCT_NAME = "$(TARGET_NAME)";
				WRAPPER_EXTENSION = xcplugin;
			};
			name = Release;
		};
/* End XCBuildConfiguration section */

/* Begin XCConfigurationList section */
		642A2EB71AFAF2F10016C0B0 /* Build configuration list for PBXProject "MyFP" */ = {
			isa = XCConfigurationList;
			buildConfigurations = (
				642A2ECB1AFAF2F10016C0B0 /* Debug */,
				642A2ECC1AFAF2F10016C0B0 /* Release */,
			);
			defaultConfigurationIsVisible = 0;
			defaultConfigurationName = Release;
		};
		642A2ECD1AFAF2F10016C0B0 /* Build configuration list for PBXNativeTarget "MyFP" */ = {
			isa = XCConfigurationList;
			buildConfigurations = (
				642A2ECE1AFAF2F10016C0B0 /* Debug */,
				642A2ECF1AFAF2F10016C0B0 /* Release */,
			);
			defaultConfigurationIsVisible = 0;
			defaultConfigurationName = Release;
		};
/* End XCConfigurationList section */
	};
	rootObject = 642A2EB41AFAF2F10016C0B0 /* Project object */;
}
